// !$*UTF8*$!
{
	archiveVersion = 1;
	classes = {
	};
	objectVersion = 56;
	objects = {

/* Begin PBXBuildFile section */
		123DBA942A202B9100EDE7BE /* AppDelegate.swift in Sources */ = {isa = PBXBuildFile; fileRef = 123DBA932A202B9100EDE7BE /* AppDelegate.swift */; };
		123DBA962A202B9100EDE7BE /* SceneDelegate.swift in Sources */ = {isa = PBXBuildFile; fileRef = 123DBA952A202B9100EDE7BE /* SceneDelegate.swift */; };
		123DBA982A202B9100EDE7BE /* WelcomeViewController.swift in Sources */ = {isa = PBXBuildFile; fileRef = 123DBA972A202B9100EDE7BE /* WelcomeViewController.swift */; };
		123DBA9B2A202B9100EDE7BE /* Main.storyboard in Resources */ = {isa = PBXBuildFile; fileRef = 123DBA992A202B9100EDE7BE /* Main.storyboard */; };
		123DBA9D2A202B9200EDE7BE /* Assets.xcassets in Resources */ = {isa = PBXBuildFile; fileRef = 123DBA9C2A202B9200EDE7BE /* Assets.xcassets */; };
		123DBAA02A202B9200EDE7BE /* LaunchScreen.storyboard in Resources */ = {isa = PBXBuildFile; fileRef = 123DBA9E2A202B9200EDE7BE /* LaunchScreen.storyboard */; };
		129724CF2A207A8F005FE683 /* RegisterViewController.swift in Sources */ = {isa = PBXBuildFile; fileRef = 129724CE2A207A8F005FE683 /* RegisterViewController.swift */; };
		129724D12A207A9C005FE683 /* LoginViewController.swift in Sources */ = {isa = PBXBuildFile; fileRef = 129724D02A207A9C005FE683 /* LoginViewController.swift */; };
		129724D32A207AAD005FE683 /* ChatViewController.swift in Sources */ = {isa = PBXBuildFile; fileRef = 129724D22A207AAD005FE683 /* ChatViewController.swift */; };
		129724D52A2083D5005FE683 /* Constants.swift in Sources */ = {isa = PBXBuildFile; fileRef = 129724D42A2083D5005FE683 /* Constants.swift */; };
		129724D82A2086A9005FE683 /* FirebaseAuth in Frameworks */ = {isa = PBXBuildFile; productRef = 129724D72A2086A9005FE683 /* FirebaseAuth */; };
		129724DA2A2086A9005FE683 /* FirebaseFirestore in Frameworks */ = {isa = PBXBuildFile; productRef = 129724D92A2086A9005FE683 /* FirebaseFirestore */; };
/* End PBXBuildFile section */

/* Begin PBXFileReference section */
		123DBA902A202B9100EDE7BE /* FurrChat.app */ = {isa = PBXFileReference; explicitFileType = wrapper.application; includeInIndex = 0; path = FurrChat.app; sourceTree = BUILT_PRODUCTS_DIR; };
		123DBA932A202B9100EDE7BE /* AppDelegate.swift */ = {isa = PBXFileReference; lastKnownFileType = sourcecode.swift; path = AppDelegate.swift; sourceTree = "<group>"; };
		123DBA952A202B9100EDE7BE /* SceneDelegate.swift */ = {isa = PBXFileReference; lastKnownFileType = sourcecode.swift; path = SceneDelegate.swift; sourceTree = "<group>"; };
		123DBA972A202B9100EDE7BE /* WelcomeViewController.swift */ = {isa = PBXFileReference; lastKnownFileType = sourcecode.swift; path = WelcomeViewController.swift; sourceTree = "<group>"; };
		123DBA9A2A202B9100EDE7BE /* Base */ = {isa = PBXFileReference; lastKnownFileType = file.storyboard; name = Base; path = Base.lproj/Main.storyboard; sourceTree = "<group>"; };
		123DBA9C2A202B9200EDE7BE /* Assets.xcassets */ = {isa = PBXFileReference; lastKnownFileType = folder.assetcatalog; path = Assets.xcassets; sourceTree = "<group>"; };
		123DBA9F2A202B9200EDE7BE /* Base */ = {isa = PBXFileReference; lastKnownFileType = file.storyboard; name = Base; path = Base.lproj/LaunchScreen.storyboard; sourceTree = "<group>"; };
		123DBAA12A202B9200EDE7BE /* Info.plist */ = {isa = PBXFileReference; lastKnownFileType = text.plist.xml; path = Info.plist; sourceTree = "<group>"; };
		129724CE2A207A8F005FE683 /* RegisterViewController.swift */ = {isa = PBXFileReference; lastKnownFileType = sourcecode.swift; path = RegisterViewController.swift; sourceTree = "<group>"; };
		129724D02A207A9C005FE683 /* LoginViewController.swift */ = {isa = PBXFileReference; lastKnownFileType = sourcecode.swift; path = LoginViewController.swift; sourceTree = "<group>"; };
		129724D22A207AAD005FE683 /* ChatViewController.swift */ = {isa = PBXFileReference; lastKnownFileType = sourcecode.swift; path = ChatViewController.swift; sourceTree = "<group>"; };
		129724D42A2083D5005FE683 /* Constants.swift */ = {isa = PBXFileReference; lastKnownFileType = sourcecode.swift; path = Constants.swift; sourceTree = "<group>"; };
/* End PBXFileReference section */

/* Begin PBXFrameworksBuildPhase section */
		123DBA8D2A202B9100EDE7BE /* Frameworks */ = {
			isa = PBXFrameworksBuildPhase;
			buildActionMask = 2147483647;
			files = (
				129724D82A2086A9005FE683 /* FirebaseAuth in Frameworks */,
				129724DA2A2086A9005FE683 /* FirebaseFirestore in Frameworks */,
			);
			runOnlyForDeploymentPostprocessing = 0;
		};
/* End PBXFrameworksBuildPhase section */

/* Begin PBXGroup section */
		123DBA872A202B9100EDE7BE = {
			isa = PBXGroup;
			children = (
				123DBA922A202B9100EDE7BE /* FurrChat */,
				123DBA912A202B9100EDE7BE /* Products */,
			);
			sourceTree = "<group>";
		};
		123DBA912A202B9100EDE7BE /* Products */ = {
			isa = PBXGroup;
			children = (
				123DBA902A202B9100EDE7BE /* FurrChat.app */,
			);
			name = Products;
			sourceTree = "<group>";
		};
		123DBA922A202B9100EDE7BE /* FurrChat */ = {
			isa = PBXGroup;
			children = (
				123DBA932A202B9100EDE7BE /* AppDelegate.swift */,
				123DBA952A202B9100EDE7BE /* SceneDelegate.swift */,
				129724CC2A2077D4005FE683 /* Views */,
				129724CD2A2078C8005FE683 /* Controllers */,
				123DBA9C2A202B9200EDE7BE /* Assets.xcassets */,
				129724D42A2083D5005FE683 /* Constants.swift */,
				123DBA9E2A202B9200EDE7BE /* LaunchScreen.storyboard */,
				123DBAA12A202B9200EDE7BE /* Info.plist */,
			);
			path = FurrChat;
			sourceTree = "<group>";
		};
		129724CC2A2077D4005FE683 /* Views */ = {
			isa = PBXGroup;
			children = (
				123DBA992A202B9100EDE7BE /* Main.storyboard */,
			);
			path = Views;
			sourceTree = "<group>";
		};
		129724CD2A2078C8005FE683 /* Controllers */ = {
			isa = PBXGroup;
			children = (
				123DBA972A202B9100EDE7BE /* WelcomeViewController.swift */,
				129724CE2A207A8F005FE683 /* RegisterViewController.swift */,
				129724D02A207A9C005FE683 /* LoginViewController.swift */,
				129724D22A207AAD005FE683 /* ChatViewController.swift */,
			);
			path = Controllers;
			sourceTree = "<group>";
		};
/* End PBXGroup section */

/* Begin PBXNativeTarget section */
		123DBA8F2A202B9100EDE7BE /* FurrChat */ = {
			isa = PBXNativeTarget;
			buildConfigurationList = 123DBAA42A202B9200EDE7BE /* Build configuration list for PBXNativeTarget "FurrChat" */;
			buildPhases = (
				123DBA8C2A202B9100EDE7BE /* Sources */,
				123DBA8D2A202B9100EDE7BE /* Frameworks */,
				123DBA8E2A202B9100EDE7BE /* Resources */,
			);
			buildRules = (
			);
			dependencies = (
			);
			name = FurrChat;
			packageProductDependencies = (
				129724D72A2086A9005FE683 /* FirebaseAuth */,
				129724D92A2086A9005FE683 /* FirebaseFirestore */,
			);
			productName = FurrChat;
			productReference = 123DBA902A202B9100EDE7BE /* FurrChat.app */;
			productType = "com.apple.product-type.application";
		};
/* End PBXNativeTarget section */

/* Begin PBXProject section */
		123DBA882A202B9100EDE7BE /* Project object */ = {
			isa = PBXProject;
			attributes = {
				BuildIndependentTargetsInParallel = 1;
				LastSwiftUpdateCheck = 1430;
				LastUpgradeCheck = 1430;
				TargetAttributes = {
					123DBA8F2A202B9100EDE7BE = {
						CreatedOnToolsVersion = 14.3;
					};
				};
			};
			buildConfigurationList = 123DBA8B2A202B9100EDE7BE /* Build configuration list for PBXProject "FurrChat" */;
			compatibilityVersion = "Xcode 14.0";
			developmentRegion = en;
			hasScannedForEncodings = 0;
			knownRegions = (
				en,
				Base,
			);
			mainGroup = 123DBA872A202B9100EDE7BE;
			packageReferences = (
				129724D62A2086A9005FE683 /* XCRemoteSwiftPackageReference "firebase-ios-sdk" */,
			);
			productRefGroup = 123DBA912A202B9100EDE7BE /* Products */;
			projectDirPath = "";
			projectRoot = "";
			targets = (
				123DBA8F2A202B9100EDE7BE /* FurrChat */,
			);
		};
/* End PBXProject section */

/* Begin PBXResourcesBuildPhase section */
		123DBA8E2A202B9100EDE7BE /* Resources */ = {
			isa = PBXResourcesBuildPhase;
			buildActionMask = 2147483647;
			files = (
				123DBAA02A202B9200EDE7BE /* LaunchScreen.storyboard in Resources */,
				123DBA9D2A202B9200EDE7BE /* Assets.xcassets in Resources */,
				123DBA9B2A202B9100EDE7BE /* Main.storyboard in Resources */,
			);
			runOnlyForDeploymentPostprocessing = 0;
		};
/* End PBXResourcesBuildPhase section */

/* Begin PBXSourcesBuildPhase section */
		123DBA8C2A202B9100EDE7BE /* Sources */ = {
			isa = PBXSourcesBuildPhase;
			buildActionMask = 2147483647;
			files = (
				123DBA982A202B9100EDE7BE /* WelcomeViewController.swift in Sources */,
				123DBA942A202B9100EDE7BE /* AppDelegate.swift in Sources */,
				123DBA962A202B9100EDE7BE /* SceneDelegate.swift in Sources */,
				129724D12A207A9C005FE683 /* LoginViewController.swift in Sources */,
				129724D52A2083D5005FE683 /* Constants.swift in Sources */,
				129724D32A207AAD005FE683 /* ChatViewController.swift in Sources */,
				129724CF2A207A8F005FE683 /* RegisterViewController.swift in Sources */,
			);
			runOnlyForDeploymentPostprocessing = 0;
		};
/* End PBXSourcesBuildPhase section */

/* Begin PBXVariantGroup section */
		123DBA992A202B9100EDE7BE /* Main.storyboard */ = {
			isa = PBXVariantGroup;
			children = (
				123DBA9A2A202B9100EDE7BE /* Base */,
			);
			name = Main.storyboard;
			sourceTree = "<group>";
		};
		123DBA9E2A202B9200EDE7BE /* LaunchScreen.storyboard */ = {
			isa = PBXVariantGroup;
			children = (
				123DBA9F2A202B9200EDE7BE /* Base */,
			);
			name = LaunchScreen.storyboard;
			sourceTree = "<group>";
		};
/* End PBXVariantGroup section */

/* Begin XCBuildConfiguration section */
		123DBAA22A202B9200EDE7BE /* Debug */ = {
			isa = XCBuildConfiguration;
			buildSettings = {
				ALWAYS_SEARCH_USER_PATHS = NO;
				CLANG_ANALYZER_NONNULL = YES;
				CLANG_ANALYZER_NUMBER_OBJECT_CONVERSION = YES_AGGRESSIVE;
				CLANG_CXX_LANGUAGE_STANDARD = "gnu++20";
				CLANG_ENABLE_MODULES = YES;
				CLANG_ENABLE_OBJC_ARC = YES;
				CLANG_ENABLE_OBJC_WEAK = YES;
				CLANG_WARN_BLOCK_CAPTURE_AUTORELEASING = YES;
				CLANG_WARN_BOOL_CONVERSION = YES;
				CLANG_WARN_COMMA = YES;
				CLANG_WARN_CONSTANT_CONVERSION = YES;
				CLANG_WARN_DEPRECATED_OBJC_IMPLEMENTATIONS = YES;
				CLANG_WARN_DIRECT_OBJC_ISA_USAGE = YES_ERROR;
				CLANG_WARN_DOCUMENTATION_COMMENTS = YES;
				CLANG_WARN_EMPTY_BODY = YES;
				CLANG_WARN_ENUM_CONVERSION = YES;
				CLANG_WARN_INFINITE_RECURSION = YES;
				CLANG_WARN_INT_CONVERSION = YES;
				CLANG_WARN_NON_LITERAL_NULL_CONVERSION = YES;
				CLANG_WARN_OBJC_IMPLICIT_RETAIN_SELF = YES;
				CLANG_WARN_OBJC_LITERAL_CONVERSION = YES;
				CLANG_WARN_OBJC_ROOT_CLASS = YES_ERROR;
				CLANG_WARN_QUOTED_INCLUDE_IN_FRAMEWORK_HEADER = YES;
				CLANG_WARN_RANGE_LOOP_ANALYSIS = YES;
				CLANG_WARN_STRICT_PROTOTYPES = YES;
				CLANG_WARN_SUSPICIOUS_MOVE = YES;
				CLANG_WARN_UNGUARDED_AVAILABILITY = YES_AGGRESSIVE;
				CLANG_WARN_UNREACHABLE_CODE = YES;
				CLANG_WARN__DUPLICATE_METHOD_MATCH = YES;
				COPY_PHASE_STRIP = NO;
				DEBUG_INFORMATION_FORMAT = dwarf;
				ENABLE_STRICT_OBJC_MSGSEND = YES;
				ENABLE_TESTABILITY = YES;
				GCC_C_LANGUAGE_STANDARD = gnu11;
				GCC_DYNAMIC_NO_PIC = NO;
				GCC_NO_COMMON_BLOCKS = YES;
				GCC_OPTIMIZATION_LEVEL = 0;
				GCC_PREPROCESSOR_DEFINITIONS = (
					"DEBUG=1",
					"$(inherited)",
				);
				GCC_WARN_64_TO_32_BIT_CONVERSION = YES;
				GCC_WARN_ABOUT_RETURN_TYPE = YES_ERROR;
				GCC_WARN_UNDECLARED_SELECTOR = YES;
				GCC_WARN_UNINITIALIZED_AUTOS = YES_AGGRESSIVE;
				GCC_WARN_UNUSED_FUNCTION = YES;
				GCC_WARN_UNUSED_VARIABLE = YES;
				IPHONEOS_DEPLOYMENT_TARGET = 16.4;
				MTL_ENABLE_DEBUG_INFO = INCLUDE_SOURCE;
				MTL_FAST_MATH = YES;
				ONLY_ACTIVE_ARCH = YES;
				SDKROOT = iphoneos;
				SWIFT_ACTIVE_COMPILATION_CONDITIONS = DEBUG;
				SWIFT_OPTIMIZATION_LEVEL = "-Onone";
			};
			name = Debug;
		};
		123DBAA32A202B9200EDE7BE /* Release */ = {
			isa = XCBuildConfiguration;
			buildSettings = {
				ALWAYS_SEARCH_USER_PATHS = NO;
				CLANG_ANALYZER_NONNULL = YES;
				CLANG_ANALYZER_NUMBER_OBJECT_CONVERSION = YES_AGGRESSIVE;
				CLANG_CXX_LANGUAGE_STANDARD = "gnu++20";
				CLANG_ENABLE_MODULES = YES;
				CLANG_ENABLE_OBJC_ARC = YES;
				CLANG_ENABLE_OBJC_WEAK = YES;
				CLANG_WARN_BLOCK_CAPTURE_AUTORELEASING = YES;
				CLANG_WARN_BOOL_CONVERSION = YES;
				CLANG_WARN_COMMA = YES;
				CLANG_WARN_CONSTANT_CONVERSION = YES;
				CLANG_WARN_DEPRECATED_OBJC_IMPLEMENTATIONS = YES;
				CLANG_WARN_DIRECT_OBJC_ISA_USAGE = YES_ERROR;
				CLANG_WARN_DOCUMENTATION_COMMENTS = YES;
				CLANG_WARN_EMPTY_BODY = YES;
				CLANG_WARN_ENUM_CONVERSION = YES;
				CLANG_WARN_INFINITE_RECURSION = YES;
				CLANG_WARN_INT_CONVERSION = YES;
				CLANG_WARN_NON_LITERAL_NULL_CONVERSION = YES;
				CLANG_WARN_OBJC_IMPLICIT_RETAIN_SELF = YES;
				CLANG_WARN_OBJC_LITERAL_CONVERSION = YES;
				CLANG_WARN_OBJC_ROOT_CLASS = YES_ERROR;
				CLANG_WARN_QUOTED_INCLUDE_IN_FRAMEWORK_HEADER = YES;
				CLANG_WARN_RANGE_LOOP_ANALYSIS = YES;
				CLANG_WARN_STRICT_PROTOTYPES = YES;
				CLANG_WARN_SUSPICIOUS_MOVE = YES;
				CLANG_WARN_UNGUARDED_AVAILABILITY = YES_AGGRESSIVE;
				CLANG_WARN_UNREACHABLE_CODE = YES;
				CLANG_WARN__DUPLICATE_METHOD_MATCH = YES;
				COPY_PHASE_STRIP = NO;
				DEBUG_INFORMATION_FORMAT = "dwarf-with-dsym";
				ENABLE_NS_ASSERTIONS = NO;
				ENABLE_STRICT_OBJC_MSGSEND = YES;
				GCC_C_LANGUAGE_STANDARD = gnu11;
				GCC_NO_COMMON_BLOCKS = YES;
				GCC_WARN_64_TO_32_BIT_CONVERSION = YES;
				GCC_WARN_ABOUT_RETURN_TYPE = YES_ERROR;
				GCC_WARN_UNDECLARED_SELECTOR = YES;
				GCC_WARN_UNINITIALIZED_AUTOS = YES_AGGRESSIVE;
				GCC_WARN_UNUSED_FUNCTION = YES;
				GCC_WARN_UNUSED_VARIABLE = YES;
				IPHONEOS_DEPLOYMENT_TARGET = 16.4;
				MTL_ENABLE_DEBUG_INFO = NO;
				MTL_FAST_MATH = YES;
				SDKROOT = iphoneos;
				SWIFT_COMPILATION_MODE = wholemodule;
				SWIFT_OPTIMIZATION_LEVEL = "-O";
				VALIDATE_PRODUCT = YES;
			};
			name = Release;
		};
		123DBAA52A202B9200EDE7BE /* Debug */ = {
			isa = XCBuildConfiguration;
			buildSettings = {
				ASSETCATALOG_COMPILER_APPICON_NAME = AppIcon;
				ASSETCATALOG_COMPILER_GLOBAL_ACCENT_COLOR_NAME = AccentColor;
				CODE_SIGN_STYLE = Automatic;
				CURRENT_PROJECT_VERSION = 1;
				GENERATE_INFOPLIST_FILE = YES;
				INFOPLIST_FILE = FurrChat/Info.plist;
				INFOPLIST_KEY_UIApplicationSupportsIndirectInputEvents = YES;
				INFOPLIST_KEY_UILaunchStoryboardName = LaunchScreen;
				INFOPLIST_KEY_UIMainStoryboardFile = Main;
				INFOPLIST_KEY_UISupportedInterfaceOrientations_iPad = "UIInterfaceOrientationPortrait UIInterfaceOrientationPortraitUpsideDown UIInterfaceOrientationLandscapeLeft UIInterfaceOrientationLandscapeRight";
				INFOPLIST_KEY_UISupportedInterfaceOrientations_iPhone = "UIInterfaceOrientationPortrait UIInterfaceOrientationLandscapeLeft UIInterfaceOrientationLandscapeRight";
				LD_RUNPATH_SEARCH_PATHS = (
					"$(inherited)",
					"@executable_path/Frameworks",
				);
				MARKETING_VERSION = 1.0;
				PRODUCT_BUNDLE_IDENTIFIER = com.Yogalakshmi.FurrChat;
				PRODUCT_NAME = "$(TARGET_NAME)";
				SWIFT_EMIT_LOC_STRINGS = YES;
				SWIFT_VERSION = 5.0;
				TARGETED_DEVICE_FAMILY = "1,2";
			};
			name = Debug;
		};
		123DBAA62A202B9200EDE7BE /* Release */ = {
			isa = XCBuildConfiguration;
			buildSettings = {
				ASSETCATALOG_COMPILER_APPICON_NAME = AppIcon;
				ASSETCATALOG_COMPILER_GLOBAL_ACCENT_COLOR_NAME = AccentColor;
				CODE_SIGN_STYLE = Automatic;
				CURRENT_PROJECT_VERSION = 1;
				GENERATE_INFOPLIST_FILE = YES;
				INFOPLIST_FILE = FurrChat/Info.plist;
				INFOPLIST_KEY_UIApplicationSupportsIndirectInputEvents = YES;
				INFOPLIST_KEY_UILaunchStoryboardName = LaunchScreen;
				INFOPLIST_KEY_UIMainStoryboardFile = Main;
				INFOPLIST_KEY_UISupportedInterfaceOrientations_iPad = "UIInterfaceOrientationPortrait UIInterfaceOrientationPortraitUpsideDown UIInterfaceOrientationLandscapeLeft UIInterfaceOrientationLandscapeRight";
				INFOPLIST_KEY_UISupportedInterfaceOrientations_iPhone = "UIInterfaceOrientationPortrait UIInterfaceOrientationLandscapeLeft UIInterfaceOrientationLandscapeRight";
				LD_RUNPATH_SEARCH_PATHS = (
					"$(inherited)",
					"@executable_path/Frameworks",
				);
				MARKETING_VERSION = 1.0;
				PRODUCT_BUNDLE_IDENTIFIER = com.Yogalakshmi.FurrChat;
				PRODUCT_NAME = "$(TARGET_NAME)";
				SWIFT_EMIT_LOC_STRINGS = YES;
				SWIFT_VERSION = 5.0;
				TARGETED_DEVICE_FAMILY = "1,2";
			};
			name = Release;
		};
/* End XCBuildConfiguration section */

/* Begin XCConfigurationList section */
		123DBA8B2A202B9100EDE7BE /* Build configuration list for PBXProject "FurrChat" */ = {
			isa = XCConfigurationList;
			buildConfigurations = (
				123DBAA22A202B9200EDE7BE /* Debug */,
				123DBAA32A202B9200EDE7BE /* Release */,
			);
			defaultConfigurationIsVisible = 0;
			defaultConfigurationName = Release;
		};
		123DBAA42A202B9200EDE7BE /* Build configuration list for PBXNativeTarget "FurrChat" */ = {
			isa = XCConfigurationList;
			buildConfigurations = (
				123DBAA52A202B9200EDE7BE /* Debug */,
				123DBAA62A202B9200EDE7BE /* Release */,
			);
			defaultConfigurationIsVisible = 0;
			defaultConfigurationName = Release;
		};
/* End XCConfigurationList section */

/* Begin XCRemoteSwiftPackageReference section */
		129724D62A2086A9005FE683 /* XCRemoteSwiftPackageReference "firebase-ios-sdk" */ = {
			isa = XCRemoteSwiftPackageReference;
			repositoryURL = "https://github.com/firebase/firebase-ios-sdk";
			requirement = {
				kind = upToNextMajorVersion;
				minimumVersion = 10.0.0;
			};
		};
/* End XCRemoteSwiftPackageReference section */

/* Begin XCSwiftPackageProductDependency section */
		129724D72A2086A9005FE683 /* FirebaseAuth */ = {
			isa = XCSwiftPackageProductDependency;
			package = 129724D62A2086A9005FE683 /* XCRemoteSwiftPackageReference "firebase-ios-sdk" */;
			productName = FirebaseAuth;
		};
		129724D92A2086A9005FE683 /* FirebaseFirestore */ = {
			isa = XCSwiftPackageProductDependency;
			package = 129724D62A2086A9005FE683 /* XCRemoteSwiftPackageReference "firebase-ios-sdk" */;
			productName = FirebaseFirestore;
		};
/* End XCSwiftPackageProductDependency section */
	};
	rootObject = 123DBA882A202B9100EDE7BE /* Project object */;
}
